
Microsoft Visual Studio Solution File, Format Version 12.00
# Visual Studio Version 17
VisualStudioVersion = 17.3.32922.545
MinimumVisualStudioVersion = 10.0.40219.1
Project("{FAE04EC0-301F-11D3-BF4B-00C04F79EFBC}") = "QuoteCalculator", "QuoteCalculator\QuoteCalculator.csproj", "{AF8E5524-7014-438F-B6CE-DFADC38BB80D}"
EndProject
Global
	GlobalSection(SolutionConfigurationPlatforms) = preSolution
		Debug|Any CPU = Debug|Any CPU
		Release|Any CPU = Release|Any CPU
	EndGlobalSection
	GlobalSection(ProjectConfigurationPlatforms) = postSolution
		{AF8E5524-7014-438F-B6CE-DFADC38BB80D}.Debug|Any CPU.ActiveCfg = Debug|Any CPU
		{AF8E5524-7014-438F-B6CE-DFADC38BB80D}.Debug|Any CPU.Build.0 = Debug|Any CPU
		{AF8E5524-7014-438F-B6CE-DFADC38BB80D}.Release|Any CPU.ActiveCfg = Release|Any CPU
		{AF8E5524-7014-438F-B6CE-DFADC38BB80D}.Release|Any CPU.Build.0 = Release|Any CPU
	EndGlobalSection
	GlobalSection(SolutionProperties) = preSolution
		HideSolutionNode = FALSE
	EndGlobalSection
	GlobalSection(ExtensibilityGlobals) = postSolution
		SolutionGuid = {2880DC91-52D7-4CEF-81F3-31226FB8238C}
	EndGlobalSection
EndGlobal
